
Microsoft Visual Studio Solution File, Format Version 12.00
# Visual Studio Version 17
VisualStudioVersion = 17.11.35327.3
MinimumVisualStudioVersion = 10.0.40219.1
Project("{9A19103F-16F7-4668-BE54-9A1E7A4F7556}") = "AdventDayTwo", "AdventDayTwo\AdventDayTwo.csproj", "{353F80BC-3DD9-4F0A-95CD-A47735E515AC}"
EndProject
Project("{9A19103F-16F7-4668-BE54-9A1E7A4F7556}") = "DayTwoTests", "DayTwoTests\DayTwoTests.csproj", "{5F3E2CDC-6BDD-4389-841C-1189761F2FA4}"
	ProjectSection(ProjectDependencies) = postProject
		{353F80BC-3DD9-4F0A-95CD-A47735E515AC} = {353F80BC-3DD9-4F0A-95CD-A47735E515AC}
	EndProjectSection
EndProject
Global
	GlobalSection(SolutionConfigurationPlatforms) = preSolution
		Debug|Any CPU = Debug|Any CPU
		Release|Any CPU = Release|Any CPU
	EndGlobalSection
	GlobalSection(ProjectConfigurationPlatforms) = postSolution
		{353F80BC-3DD9-4F0A-95CD-A47735E515AC}.Debug|Any CPU.ActiveCfg = Debug|Any CPU
		{353F80BC-3DD9-4F0A-95CD-A47735E515AC}.Debug|Any CPU.Build.0 = Debug|Any CPU
		{353F80BC-3DD9-4F0A-95CD-A47735E515AC}.Release|Any CPU.ActiveCfg = Release|Any CPU
		{353F80BC-3DD9-4F0A-95CD-A47735E515AC}.Release|Any CPU.Build.0 = Release|Any CPU
		{5F3E2CDC-6BDD-4389-841C-1189761F2FA4}.Debug|Any CPU.ActiveCfg = Debug|Any CPU
		{5F3E2CDC-6BDD-4389-841C-1189761F2FA4}.Debug|Any CPU.Build.0 = Debug|Any CPU
		{5F3E2CDC-6BDD-4389-841C-1189761F2FA4}.Release|Any CPU.ActiveCfg = Release|Any CPU
		{5F3E2CDC-6BDD-4389-841C-1189761F2FA4}.Release|Any CPU.Build.0 = Release|Any CPU
	EndGlobalSection
	GlobalSection(SolutionProperties) = preSolution
		HideSolutionNode = FALSE
	EndGlobalSection
	GlobalSection(ExtensibilityGlobals) = postSolution
		SolutionGuid = {8D4CF05A-CE52-4F80-B085-900F80E91172}
	EndGlobalSection
EndGlobal
