
Microsoft Visual Studio Solution File, Format Version 12.00
# Visual Studio Version 17
VisualStudioVersion = 17.12.35527.113 d17.12
MinimumVisualStudioVersion = 10.0.40219.1
Project("{FAE04EC0-301F-11D3-BF4B-00C04F79EFBC}") = "AdventDayThree", "AdventDayThree\AdventDayThree.csproj", "{13015458-42EC-46AB-BAF2-298130C04E24}"
EndProject
Project("{FAE04EC0-301F-11D3-BF4B-00C04F79EFBC}") = "AdventOfCodeDay3Tests", "AdventOfCodeDay3Tests\AdventOfCodeDay3Tests.csproj", "{00C1F18A-1ECC-4B10-9F10-604825531853}"
EndProject
Global
	GlobalSection(SolutionConfigurationPlatforms) = preSolution
		Debug|Any CPU = Debug|Any CPU
		Release|Any CPU = Release|Any CPU
	EndGlobalSection
	GlobalSection(ProjectConfigurationPlatforms) = postSolution
		{13015458-42EC-46AB-BAF2-298130C04E24}.Debug|Any CPU.ActiveCfg = Debug|Any CPU
		{13015458-42EC-46AB-BAF2-298130C04E24}.Debug|Any CPU.Build.0 = Debug|Any CPU
		{13015458-42EC-46AB-BAF2-298130C04E24}.Release|Any CPU.ActiveCfg = Release|Any CPU
		{13015458-42EC-46AB-BAF2-298130C04E24}.Release|Any CPU.Build.0 = Release|Any CPU
		{00C1F18A-1ECC-4B10-9F10-604825531853}.Debug|Any CPU.ActiveCfg = Debug|Any CPU
		{00C1F18A-1ECC-4B10-9F10-604825531853}.Debug|Any CPU.Build.0 = Debug|Any CPU
		{00C1F18A-1ECC-4B10-9F10-604825531853}.Release|Any CPU.ActiveCfg = Release|Any CPU
		{00C1F18A-1ECC-4B10-9F10-604825531853}.Release|Any CPU.Build.0 = Release|Any CPU
	EndGlobalSection
	GlobalSection(SolutionProperties) = preSolution
		HideSolutionNode = FALSE
	EndGlobalSection
EndGlobal
